
Microsoft Visual Studio Solution File, Format Version 12.00
# Visual Studio Version 16
VisualStudioVersion = 16.0.31105.61
MinimumVisualStudioVersion = 10.0.40219.1
Project("{FAE04EC0-301F-11D3-BF4B-00C04F79EFBC}") = "IEnumerableAndEnumeratorDemo", "IEnumerableAndEnumeratorDemo.csproj", "{CF84985D-347D-48B0-B4D1-F0CE1749C49E}"
EndProject
Global
	GlobalSection(SolutionConfigurationPlatforms) = preSolution
		Debug|Any CPU = Debug|Any CPU
		Release|Any CPU = Release|Any CPU
	EndGlobalSection
	GlobalSection(ProjectConfigurationPlatforms) = postSolution
		{CF84985D-347D-48B0-B4D1-F0CE1749C49E}.Debug|Any CPU.ActiveCfg = Debug|Any CPU
		{CF84985D-347D-48B0-B4D1-F0CE1749C49E}.Debug|Any CPU.Build.0 = Debug|Any CPU
		{CF84985D-347D-48B0-B4D1-F0CE1749C49E}.Release|Any CPU.ActiveCfg = Release|Any CPU
		{CF84985D-347D-48B0-B4D1-F0CE1749C49E}.Release|Any CPU.Build.0 = Release|Any CPU
	EndGlobalSection
	GlobalSection(SolutionProperties) = preSolution
		HideSolutionNode = FALSE
	EndGlobalSection
	GlobalSection(ExtensibilityGlobals) = postSolution
		SolutionGuid = {9B6CF491-2083-42BA-BAB0-8E71C6AAAD97}
	EndGlobalSection
EndGlobal
